
Microsoft Visual Studio Solution File, Format Version 12.00
# Visual Studio Version 16
VisualStudioVersion = 16.0.29920.165
MinimumVisualStudioVersion = 10.0.40219.1
Project("{FAE04EC0-301F-11D3-BF4B-00C04F79EFBC}") = "Jogo", "Jogo\Jogo.csproj", "{08A908B6-33E1-44C0-90A0-22C3E4A77B3A}"
EndProject
Global
	GlobalSection(SolutionConfigurationPlatforms) = preSolution
		Debug|Any CPU = Debug|Any CPU
		Release|Any CPU = Release|Any CPU
	EndGlobalSection
	GlobalSection(ProjectConfigurationPlatforms) = postSolution
		{08A908B6-33E1-44C0-90A0-22C3E4A77B3A}.Debug|Any CPU.ActiveCfg = Debug|Any CPU
		{08A908B6-33E1-44C0-90A0-22C3E4A77B3A}.Debug|Any CPU.Build.0 = Debug|Any CPU
		{08A908B6-33E1-44C0-90A0-22C3E4A77B3A}.Release|Any CPU.ActiveCfg = Release|Any CPU
		{08A908B6-33E1-44C0-90A0-22C3E4A77B3A}.Release|Any CPU.Build.0 = Release|Any CPU
	EndGlobalSection
	GlobalSection(SolutionProperties) = preSolution
		HideSolutionNode = FALSE
	EndGlobalSection
	GlobalSection(ExtensibilityGlobals) = postSolution
		SolutionGuid = {B6A8D786-FB75-4EA8-8A11-0D73CFCBAB17}
	EndGlobalSection
EndGlobal
